
Microsoft Visual Studio Solution File, Format Version 12.00
# Visual Studio Version 17
VisualStudioVersion = 17.9.34728.123
MinimumVisualStudioVersion = 10.0.40219.1
Project("{9A19103F-16F7-4668-BE54-9A1E7A4F7556}") = "BlazorComponentRenderer", "BlazorComponentRenderer.csproj", "{25E7AD46-8483-4A2F-B8DB-30C62F5BC1C7}"
EndProject
Project("{FAE04EC0-301F-11D3-BF4B-00C04F79EFBC}") = "BlazorRenderer.Tests", "..\BlazorRenderer.Tests\BlazorRenderer.Tests.csproj", "{D575AB86-C7AC-42F8-902C-962AF001B86E}"
EndProject
Global
	GlobalSection(SolutionConfigurationPlatforms) = preSolution
		Debug|Any CPU = Debug|Any CPU
		Release|Any CPU = Release|Any CPU
	EndGlobalSection
	GlobalSection(ProjectConfigurationPlatforms) = postSolution
		{25E7AD46-8483-4A2F-B8DB-30C62F5BC1C7}.Debug|Any CPU.ActiveCfg = Debug|Any CPU
		{25E7AD46-8483-4A2F-B8DB-30C62F5BC1C7}.Debug|Any CPU.Build.0 = Debug|Any CPU
		{25E7AD46-8483-4A2F-B8DB-30C62F5BC1C7}.Release|Any CPU.ActiveCfg = Release|Any CPU
		{25E7AD46-8483-4A2F-B8DB-30C62F5BC1C7}.Release|Any CPU.Build.0 = Release|Any CPU
		{D575AB86-C7AC-42F8-902C-962AF001B86E}.Debug|Any CPU.ActiveCfg = Debug|Any CPU
		{D575AB86-C7AC-42F8-902C-962AF001B86E}.Debug|Any CPU.Build.0 = Debug|Any CPU
		{D575AB86-C7AC-42F8-902C-962AF001B86E}.Release|Any CPU.ActiveCfg = Release|Any CPU
		{D575AB86-C7AC-42F8-902C-962AF001B86E}.Release|Any CPU.Build.0 = Release|Any CPU
	EndGlobalSection
	GlobalSection(SolutionProperties) = preSolution
		HideSolutionNode = FALSE
	EndGlobalSection
	GlobalSection(ExtensibilityGlobals) = postSolution
		SolutionGuid = {5F51FCD7-0CF6-4D7D-8A35-9140B7528EA6}
	EndGlobalSection
EndGlobal
